// !$*UTF8*$!
{
	archiveVersion = 1;
	classes = {
	};
	objectVersion = 46;
	objects = {

/* Begin PBXBuildFile section */
		CD7B818B1D59A21B0045153E /* AppDelegate.swift in Sources */ = {isa = PBXBuildFile; fileRef = CD7B818A1D59A21B0045153E /* AppDelegate.swift */; };
		CD7B818D1D59A21B0045153E /* ViewController.swift in Sources */ = {isa = PBXBuildFile; fileRef = CD7B818C1D59A21B0045153E /* ViewController.swift */; };
		CD7B81901D59A21B0045153E /* Main.storyboard in Resources */ = {isa = PBXBuildFile; fileRef = CD7B818E1D59A21B0045153E /* Main.storyboard */; };
		CD7B81931D59A21B0045153E /* ContractDetails.xcdatamodeld in Sources */ = {isa = PBXBuildFile; fileRef = CD7B81911D59A21B0045153E /* ContractDetails.xcdatamodeld */; };
		CD7B81951D59A21B0045153E /* Assets.xcassets in Resources */ = {isa = PBXBuildFile; fileRef = CD7B81941D59A21B0045153E /* Assets.xcassets */; };
		CD7B81981D59A21B0045153E /* LaunchScreen.storyboard in Resources */ = {isa = PBXBuildFile; fileRef = CD7B81961D59A21B0045153E /* LaunchScreen.storyboard */; };
		CD7B81A11D59D4630045153E /* Departement+CoreDataProperties.swift in Sources */ = {isa = PBXBuildFile; fileRef = CD7B819F1D59D4630045153E /* Departement+CoreDataProperties.swift */; };
		CD7B81A21D59D4630045153E /* Departement.swift in Sources */ = {isa = PBXBuildFile; fileRef = CD7B81A01D59D4630045153E /* Departement.swift */; };
		CD7B81A61D5A536B0045153E /* EditViewController.swift in Sources */ = {isa = PBXBuildFile; fileRef = CD7B81A51D5A536B0045153E /* EditViewController.swift */; };
/* End PBXBuildFile section */

/* Begin PBXFileReference section */
		CD7B81871D59A21B0045153E /* ContractDetails.app */ = {isa = PBXFileReference; explicitFileType = wrapper.application; includeInIndex = 0; path = ContractDetails.app; sourceTree = BUILT_PRODUCTS_DIR; };
		CD7B818A1D59A21B0045153E /* AppDelegate.swift */ = {isa = PBXFileReference; lastKnownFileType = sourcecode.swift; path = AppDelegate.swift; sourceTree = "<group>"; };
		CD7B818C1D59A21B0045153E /* ViewController.swift */ = {isa = PBXFileReference; lastKnownFileType = sourcecode.swift; path = ViewController.swift; sourceTree = "<group>"; };
		CD7B818F1D59A21B0045153E /* Base */ = {isa = PBXFileReference; lastKnownFileType = file.storyboard; name = Base; path = Base.lproj/Main.storyboard; sourceTree = "<group>"; };
		CD7B81921D59A21B0045153E /* ContractDetails.xcdatamodel */ = {isa = PBXFileReference; lastKnownFileType = wrapper.xcdatamodel; path = ContractDetails.xcdatamodel; sourceTree = "<group>"; };
		CD7B81941D59A21B0045153E /* Assets.xcassets */ = {isa = PBXFileReference; lastKnownFileType = folder.assetcatalog; path = Assets.xcassets; sourceTree = "<group>"; };
		CD7B81971D59A21B0045153E /* Base */ = {isa = PBXFileReference; lastKnownFileType = file.storyboard; name = Base; path = Base.lproj/LaunchScreen.storyboard; sourceTree = "<group>"; };
		CD7B81991D59A21B0045153E /* Info.plist */ = {isa = PBXFileReference; lastKnownFileType = text.plist.xml; path = Info.plist; sourceTree = "<group>"; };
		CD7B819F1D59D4630045153E /* Departement+CoreDataProperties.swift */ = {isa = PBXFileReference; fileEncoding = 4; lastKnownFileType = sourcecode.swift; name = "Departement+CoreDataProperties.swift"; path = "../Departement+CoreDataProperties.swift"; sourceTree = "<group>"; };
		CD7B81A01D59D4630045153E /* Departement.swift */ = {isa = PBXFileReference; fileEncoding = 4; lastKnownFileType = sourcecode.swift; name = Departement.swift; path = ../Departement.swift; sourceTree = "<group>"; };
		CD7B81A51D5A536B0045153E /* EditViewController.swift */ = {isa = PBXFileReference; fileEncoding = 4; lastKnownFileType = sourcecode.swift; path = EditViewController.swift; sourceTree = "<group>"; };
/* End PBXFileReference section */

/* Begin PBXFrameworksBuildPhase section */
		CD7B81841D59A21B0045153E /* Frameworks */ = {
			isa = PBXFrameworksBuildPhase;
			buildActionMask = 2147483647;
			files = (
			);
			runOnlyForDeploymentPostprocessing = 0;
		};
/* End PBXFrameworksBuildPhase section */

/* Begin PBXGroup section */
		CD7B817E1D59A21B0045153E = {
			isa = PBXGroup;
			children = (
				CD7B81891D59A21B0045153E /* ContractDetails */,
				CD7B81881D59A21B0045153E /* Products */,
			);
			sourceTree = "<group>";
		};
		CD7B81881D59A21B0045153E /* Products */ = {
			isa = PBXGroup;
			children = (
				CD7B81871D59A21B0045153E /* ContractDetails.app */,
			);
			name = Products;
			sourceTree = "<group>";
		};
		CD7B81891D59A21B0045153E /* ContractDetails */ = {
			isa = PBXGroup;
			children = (
				CD7B818A1D59A21B0045153E /* AppDelegate.swift */,
				CD7B818C1D59A21B0045153E /* ViewController.swift */,
				CD7B819F1D59D4630045153E /* Departement+CoreDataProperties.swift */,
				CD7B81A01D59D4630045153E /* Departement.swift */,
				CD7B818E1D59A21B0045153E /* Main.storyboard */,
				CD7B81A51D5A536B0045153E /* EditViewController.swift */,
				CD7B81941D59A21B0045153E /* Assets.xcassets */,
				CD7B81961D59A21B0045153E /* LaunchScreen.storyboard */,
				CD7B81991D59A21B0045153E /* Info.plist */,
				CD7B81911D59A21B0045153E /* ContractDetails.xcdatamodeld */,
			);
			path = ContractDetails;
			sourceTree = "<group>";
		};
/* End PBXGroup section */

/* Begin PBXNativeTarget section */
		CD7B81861D59A21B0045153E /* ContractDetails */ = {
			isa = PBXNativeTarget;
			buildConfigurationList = CD7B819C1D59A21B0045153E /* Build configuration list for PBXNativeTarget "ContractDetails" */;
			buildPhases = (
				CD7B81831D59A21B0045153E /* Sources */,
				CD7B81841D59A21B0045153E /* Frameworks */,
				CD7B81851D59A21B0045153E /* Resources */,
			);
			buildRules = (
			);
			dependencies = (
			);
			name = ContractDetails;
			productName = ContractDetails;
			productReference = CD7B81871D59A21B0045153E /* ContractDetails.app */;
			productType = "com.apple.product-type.application";
		};
/* End PBXNativeTarget section */

/* Begin PBXProject section */
		CD7B817F1D59A21B0045153E /* Project object */ = {
			isa = PBXProject;
			attributes = {
				LastSwiftUpdateCheck = 0730;
				LastUpgradeCheck = 0730;
				ORGANIZATIONNAME = kpwd;
				TargetAttributes = {
					CD7B81861D59A21B0045153E = {
						CreatedOnToolsVersion = 7.3.1;
					};
				};
			};
			buildConfigurationList = CD7B81821D59A21B0045153E /* Build configuration list for PBXProject "ContractDetails" */;
			compatibilityVersion = "Xcode 3.2";
			developmentRegion = English;
			hasScannedForEncodings = 0;
			knownRegions = (
				en,
				Base,
			);
			mainGroup = CD7B817E1D59A21B0045153E;
			productRefGroup = CD7B81881D59A21B0045153E /* Products */;
			projectDirPath = "";
			projectRoot = "";
			targets = (
				CD7B81861D59A21B0045153E /* ContractDetails */,
			);
		};
/* End PBXProject section */

/* Begin PBXResourcesBuildPhase section */
		CD7B81851D59A21B0045153E /* Resources */ = {
			isa = PBXResourcesBuildPhase;
			buildActionMask = 2147483647;
			files = (
				CD7B81981D59A21B0045153E /* LaunchScreen.storyboard in Resources */,
				CD7B81951D59A21B0045153E /* Assets.xcassets in Resources */,
				CD7B81901D59A21B0045153E /* Main.storyboard in Resources */,
			);
			runOnlyForDeploymentPostprocessing = 0;
		};
/* End PBXResourcesBuildPhase section */

/* Begin PBXSourcesBuildPhase section */
		CD7B81831D59A21B0045153E /* Sources */ = {
			isa = PBXSourcesBuildPhase;
			buildActionMask = 2147483647;
			files = (
				CD7B81931D59A21B0045153E /* ContractDetails.xcdatamodeld in Sources */,
				CD7B818D1D59A21B0045153E /* ViewController.swift in Sources */,
				CD7B81A61D5A536B0045153E /* EditViewController.swift in Sources */,
				CD7B81A21D59D4630045153E /* Departement.swift in Sources */,
				CD7B818B1D59A21B0045153E /* AppDelegate.swift in Sources */,
				CD7B81A11D59D4630045153E /* Departement+CoreDataProperties.swift in Sources */,
			);
			runOnlyForDeploymentPostprocessing = 0;
		};
/* End PBXSourcesBuildPhase section */

/* Begin PBXVariantGroup section */
		CD7B818E1D59A21B0045153E /* Main.storyboard */ = {
			isa = PBXVariantGroup;
			children = (
				CD7B818F1D59A21B0045153E /* Base */,
			);
			name = Main.storyboard;
			sourceTree = "<group>";
		};
		CD7B81961D59A21B0045153E /* LaunchScreen.storyboard */ = {
			isa = PBXVariantGroup;
			children = (
				CD7B81971D59A21B0045153E /* Base */,
			);
			name = LaunchScreen.storyboard;
			sourceTree = "<group>";
		};
/* End PBXVariantGroup section */

/* Begin XCBuildConfiguration section */
		CD7B819A1D59A21B0045153E /* Debug */ = {
			isa = XCBuildConfiguration;
			buildSettings = {
				ALWAYS_SEARCH_USER_PATHS = NO;
				CLANG_ANALYZER_NONNULL = YES;
				CLANG_CXX_LANGUAGE_STANDARD = "gnu++0x";
				CLANG_CXX_LIBRARY = "libc++";
				CLANG_ENABLE_MODULES = YES;
				CLANG_ENABLE_OBJC_ARC = YES;
				CLANG_WARN_BOOL_CONVERSION = YES;
				CLANG_WARN_CONSTANT_CONVERSION = YES;
				CLANG_WARN_DIRECT_OBJC_ISA_USAGE = YES_ERROR;
				CLANG_WARN_EMPTY_BODY = YES;
				CLANG_WARN_ENUM_CONVERSION = YES;
				CLANG_WARN_INT_CONVERSION = YES;
				CLANG_WARN_OBJC_ROOT_CLASS = YES_ERROR;
				CLANG_WARN_UNREACHABLE_CODE = YES;
				CLANG_WARN__DUPLICATE_METHOD_MATCH = YES;
				"CODE_SIGN_IDENTITY[sdk=iphoneos*]" = "iPhone Developer";
				COPY_PHASE_STRIP = NO;
				DEBUG_INFORMATION_FORMAT = dwarf;
				ENABLE_STRICT_OBJC_MSGSEND = YES;
				ENABLE_TESTABILITY = YES;
				GCC_C_LANGUAGE_STANDARD = gnu99;
				GCC_DYNAMIC_NO_PIC = NO;
				GCC_NO_COMMON_BLOCKS = YES;
				GCC_OPTIMIZATION_LEVEL = 0;
				GCC_PREPROCESSOR_DEFINITIONS = (
					"DEBUG=1",
					"$(inherited)",
				);
				GCC_WARN_64_TO_32_BIT_CONVERSION = YES;
				GCC_WARN_ABOUT_RETURN_TYPE = YES_ERROR;
				GCC_WARN_UNDECLARED_SELECTOR = YES;
				GCC_WARN_UNINITIALIZED_AUTOS = YES_AGGRESSIVE;
				GCC_WARN_UNUSED_FUNCTION = YES;
				GCC_WARN_UNUSED_VARIABLE = YES;
				IPHONEOS_DEPLOYMENT_TARGET = 9.3;
				MTL_ENABLE_DEBUG_INFO = YES;
				ONLY_ACTIVE_ARCH = YES;
				SDKROOT = iphoneos;
				SWIFT_OPTIMIZATION_LEVEL = "-Onone";
				TARGETED_DEVICE_FAMILY = "1,2";
			};
			name = Debug;
		};
		CD7B819B1D59A21B0045153E /* Release */ = {
			isa = XCBuildConfiguration;
			buildSettings = {
				ALWAYS_SEARCH_USER_PATHS = NO;
				CLANG_ANALYZER_NONNULL = YES;
				CLANG_CXX_LANGUAGE_STANDARD = "gnu++0x";
				CLANG_CXX_LIBRARY = "libc++";
				CLANG_ENABLE_MODULES = YES;
				CLANG_ENABLE_OBJC_ARC = YES;
				CLANG_WARN_BOOL_CONVERSION = YES;
				CLANG_WARN_CONSTANT_CONVERSION = YES;
				CLANG_WARN_DIRECT_OBJC_ISA_USAGE = YES_ERROR;
				CLANG_WARN_EMPTY_BODY = YES;
				CLANG_WARN_ENUM_CONVERSION = YES;
				CLANG_WARN_INT_CONVERSION = YES;
				CLANG_WARN_OBJC_ROOT_CLASS = YES_ERROR;
				CLANG_WARN_UNREACHABLE_CODE = YES;
				CLANG_WARN__DUPLICATE_METHOD_MATCH = YES;
				"CODE_SIGN_IDENTITY[sdk=iphoneos*]" = "iPhone Developer";
				COPY_PHASE_STRIP = NO;
				DEBUG_INFORMATION_FORMAT = "dwarf-with-dsym";
				ENABLE_NS_ASSERTIONS = NO;
				ENABLE_STRICT_OBJC_MSGSEND = YES;
				GCC_C_LANGUAGE_STANDARD = gnu99;
				GCC_NO_COMMON_BLOCKS = YES;
				GCC_WARN_64_TO_32_BIT_CONVERSION = YES;
				GCC_WARN_ABOUT_RETURN_TYPE = YES_ERROR;
				GCC_WARN_UNDECLARED_SELECTOR = YES;
				GCC_WARN_UNINITIALIZED_AUTOS = YES_AGGRESSIVE;
				GCC_WARN_UNUSED_FUNCTION = YES;
				GCC_WARN_UNUSED_VARIABLE = YES;
				IPHONEOS_DEPLOYMENT_TARGET = 9.3;
				MTL_ENABLE_DEBUG_INFO = NO;
				SDKROOT = iphoneos;
				TARGETED_DEVICE_FAMILY = "1,2";
				VALIDATE_PRODUCT = YES;
			};
			name = Release;
		};
		CD7B819D1D59A21B0045153E /* Debug */ = {
			isa = XCBuildConfiguration;
			buildSettings = {
				ASSETCATALOG_COMPILER_APPICON_NAME = AppIcon;
				INFOPLIST_FILE = ContractDetails/Info.plist;
				LD_RUNPATH_SEARCH_PATHS = "$(inherited) @executable_path/Frameworks";
				PRODUCT_BUNDLE_IDENTIFIER = com.rameshh.ContractDetails;
				PRODUCT_NAME = "$(TARGET_NAME)";
			};
			name = Debug;
		};
		CD7B819E1D59A21B0045153E /* Release */ = {
			isa = XCBuildConfiguration;
			buildSettings = {
				ASSETCATALOG_COMPILER_APPICON_NAME = AppIcon;
				INFOPLIST_FILE = ContractDetails/Info.plist;
				LD_RUNPATH_SEARCH_PATHS = "$(inherited) @executable_path/Frameworks";
				PRODUCT_BUNDLE_IDENTIFIER = com.rameshh.ContractDetails;
				PRODUCT_NAME = "$(TARGET_NAME)";
			};
			name = Release;
		};
/* End XCBuildConfiguration section */

/* Begin XCConfigurationList section */
		CD7B81821D59A21B0045153E /* Build configuration list for PBXProject "ContractDetails" */ = {
			isa = XCConfigurationList;
			buildConfigurations = (
				CD7B819A1D59A21B0045153E /* Debug */,
				CD7B819B1D59A21B0045153E /* Release */,
			);
			defaultConfigurationIsVisible = 0;
			defaultConfigurationName = Release;
		};
		CD7B819C1D59A21B0045153E /* Build configuration list for PBXNativeTarget "ContractDetails" */ = {
			isa = XCConfigurationList;
			buildConfigurations = (
				CD7B819D1D59A21B0045153E /* Debug */,
				CD7B819E1D59A21B0045153E /* Release */,
			);
			defaultConfigurationIsVisible = 0;
			defaultConfigurationName = Release;
		};
/* End XCConfigurationList section */

/* Begin XCVersionGroup section */
		CD7B81911D59A21B0045153E /* ContractDetails.xcdatamodeld */ = {
			isa = XCVersionGroup;
			children = (
				CD7B81921D59A21B0045153E /* ContractDetails.xcdatamodel */,
			);
			currentVersion = CD7B81921D59A21B0045153E /* ContractDetails.xcdatamodel */;
			path = ContractDetails.xcdatamodeld;
			sourceTree = "<group>";
			versionGroupType = wrapper.xcdatamodel;
		};
/* End XCVersionGroup section */
	};
	rootObject = CD7B817F1D59A21B0045153E /* Project object */;
}
